{
  "name": "freqtrade",
  "lockfileVersion": 3,
  "requires": true,
  "packages": {
    "": {
      "dependencies": {
        "lightweight-charts": "^5.1.0"
      }
    },
    "node_modules/fancy-canvas": {
      "version": "2.1.0",
      "resolved": "https://registry.npmjs.org/fancy-canvas/-/fancy-canvas-2.1.0.tgz",
      "integrity": "sha512-nifxXJ95JNLFR2NgRV4/MxVP45G9909wJTEKz5fg/TZS20JJZA6hfgRVh/bC9bwl2zBtBNcYPjiBE4njQHVBwQ=="
    },
    "node_modules/lightweight-charts": {
      "version": "5.1.0",
      "resolved": "https://registry.npmjs.org/lightweight-charts/-/lightweight-charts-5.1.0.tgz",
      "integrity": "sha512-jEAYR4ODYeyNZcWUigsoLTl52rbPmgXnvd5FLIv/ZoA/2sSDw63YKnef8n4yhzum7W926yHeFwlm7ididKb7YQ==",
      "dependencies": {
        "fancy-canvas": "2.1.0"
      }
    }
  }
}
